
Microsoft Visual Studio Solution File, Format Version 12.00
# Visual Studio Version 17
VisualStudioVersion = 17.2.32630.192
MinimumVisualStudioVersion = 10.0.40219.1
Project("{FAE04EC0-301F-11D3-BF4B-00C04F79EFBC}") = "Assignment3", "Assignment3\Assignment3.csproj", "{87F5F799-C144-4FBD-92F2-2C8DCE245220}"
EndProject
Global
	GlobalSection(SolutionConfigurationPlatforms) = preSolution
		Debug|Any CPU = Debug|Any CPU
		Release|Any CPU = Release|Any CPU
	EndGlobalSection
	GlobalSection(ProjectConfigurationPlatforms) = postSolution
		{87F5F799-C144-4FBD-92F2-2C8DCE245220}.Debug|Any CPU.ActiveCfg = Debug|Any CPU
		{87F5F799-C144-4FBD-92F2-2C8DCE245220}.Debug|Any CPU.Build.0 = Debug|Any CPU
		{87F5F799-C144-4FBD-92F2-2C8DCE245220}.Release|Any CPU.ActiveCfg = Release|Any CPU
		{87F5F799-C144-4FBD-92F2-2C8DCE245220}.Release|Any CPU.Build.0 = Release|Any CPU
	EndGlobalSection
	GlobalSection(SolutionProperties) = preSolution
		HideSolutionNode = FALSE
	EndGlobalSection
	GlobalSection(ExtensibilityGlobals) = postSolution
		SolutionGuid = {AF92FB12-71C7-4D6A-95F8-E59A87981018}
	EndGlobalSection
EndGlobal
