
Microsoft Visual Studio Solution File, Format Version 12.00
# Visual Studio Version 17
VisualStudioVersion = 17.2.32630.192
MinimumVisualStudioVersion = 10.0.40219.1
Project("{FAE04EC0-301F-11D3-BF4B-00C04F79EFBC}") = "STudent_Assignment4", "STudent_Assignment4\STudent_Assignment4.csproj", "{BBE5B8ED-466C-4E07-AF61-94D6B15307AD}"
EndProject
Global
	GlobalSection(SolutionConfigurationPlatforms) = preSolution
		Debug|Any CPU = Debug|Any CPU
		Release|Any CPU = Release|Any CPU
	EndGlobalSection
	GlobalSection(ProjectConfigurationPlatforms) = postSolution
		{BBE5B8ED-466C-4E07-AF61-94D6B15307AD}.Debug|Any CPU.ActiveCfg = Debug|Any CPU
		{BBE5B8ED-466C-4E07-AF61-94D6B15307AD}.Debug|Any CPU.Build.0 = Debug|Any CPU
		{BBE5B8ED-466C-4E07-AF61-94D6B15307AD}.Release|Any CPU.ActiveCfg = Release|Any CPU
		{BBE5B8ED-466C-4E07-AF61-94D6B15307AD}.Release|Any CPU.Build.0 = Release|Any CPU
	EndGlobalSection
	GlobalSection(SolutionProperties) = preSolution
		HideSolutionNode = FALSE
	EndGlobalSection
	GlobalSection(ExtensibilityGlobals) = postSolution
		SolutionGuid = {437C3462-A3D1-4E0E-86BE-E3D61BA7280E}
	EndGlobalSection
EndGlobal
