
Microsoft Visual Studio Solution File, Format Version 12.00
# Visual Studio Version 16
VisualStudioVersion = 16.0.32630.194
MinimumVisualStudioVersion = 10.0.40219.1
Project("{FAE04EC0-301F-11D3-BF4B-00C04F79EFBC}") = "Assignment1", "Assignment1\Assignment1.csproj", "{3D78369C-5561-4CDA-9E93-FD9503F752EC}"
EndProject
Global
	GlobalSection(SolutionConfigurationPlatforms) = preSolution
		Debug|Any CPU = Debug|Any CPU
		Release|Any CPU = Release|Any CPU
	EndGlobalSection
	GlobalSection(ProjectConfigurationPlatforms) = postSolution
		{3D78369C-5561-4CDA-9E93-FD9503F752EC}.Debug|Any CPU.ActiveCfg = Debug|Any CPU
		{3D78369C-5561-4CDA-9E93-FD9503F752EC}.Debug|Any CPU.Build.0 = Debug|Any CPU
		{3D78369C-5561-4CDA-9E93-FD9503F752EC}.Release|Any CPU.ActiveCfg = Release|Any CPU
		{3D78369C-5561-4CDA-9E93-FD9503F752EC}.Release|Any CPU.Build.0 = Release|Any CPU
	EndGlobalSection
	GlobalSection(SolutionProperties) = preSolution
		HideSolutionNode = FALSE
	EndGlobalSection
	GlobalSection(ExtensibilityGlobals) = postSolution
		SolutionGuid = {342C09BC-75B1-452B-95A9-5B4A4D9D100E}
	EndGlobalSection
EndGlobal
