
Microsoft Visual Studio Solution File, Format Version 12.00
# Visual Studio Version 16
VisualStudioVersion = 16.0.32630.194
MinimumVisualStudioVersion = 10.0.40219.1
Project("{FAE04EC0-301F-11D3-BF4B-00C04F79EFBC}") = "ConsoleApp_Day2", "ConsoleApp_Day2\ConsoleApp_Day2.csproj", "{64C81985-8097-4E0B-9F57-7D5F8F93A437}"
EndProject
Global
	GlobalSection(SolutionConfigurationPlatforms) = preSolution
		Debug|Any CPU = Debug|Any CPU
		Release|Any CPU = Release|Any CPU
	EndGlobalSection
	GlobalSection(ProjectConfigurationPlatforms) = postSolution
		{64C81985-8097-4E0B-9F57-7D5F8F93A437}.Debug|Any CPU.ActiveCfg = Debug|Any CPU
		{64C81985-8097-4E0B-9F57-7D5F8F93A437}.Debug|Any CPU.Build.0 = Debug|Any CPU
		{64C81985-8097-4E0B-9F57-7D5F8F93A437}.Release|Any CPU.ActiveCfg = Release|Any CPU
		{64C81985-8097-4E0B-9F57-7D5F8F93A437}.Release|Any CPU.Build.0 = Release|Any CPU
	EndGlobalSection
	GlobalSection(SolutionProperties) = preSolution
		HideSolutionNode = FALSE
	EndGlobalSection
	GlobalSection(ExtensibilityGlobals) = postSolution
		SolutionGuid = {7FC18932-C63A-4674-8093-EC296074D035}
	EndGlobalSection
EndGlobal
